<?xml version="1.0" encoding="utf-8"?>
<Project ToolsVersion="4.0" xmlns="http://schemas.microsoft.com/developer/msbuild/2003">
  <ItemGroup>
    <Filter Include="Source Files">
      <UniqueIdentifier>{4FC737F1-C7A5-4376-A066-2A32D752A2FF}</UniqueIdentifier>
      <Extensions>cpp;c;cc;cxx;c++;cppm;ixx;def;odl;idl;hpj;bat;asm;asmx</Extensions>
    </Filter>
    <Filter Include="Header Files">
      <UniqueIdentifier>{93995380-89BD-4b04-88EB-625FBE52EBFB}</UniqueIdentifier>
      <Extensions>h;hh;hpp;hxx;h++;hm;inl;inc;ipp;xsd</Extensions>
    </Filter>
    <Filter Include="Resource Files">
      <UniqueIdentifier>{67DA6AB6-F800-4c08-8B7A-83BB121AAD01}</UniqueIdentifier>
      <Extensions>rc;ico;cur;bmp;dlg;rc2;rct;bin;rgs;gif;jpg;jpeg;jpe;resx;tiff;tif;png;wav;mfcribbon-ms</Extensions>
    </Filter>
    <Filter Include="Resource Files\Materials">
      <UniqueIdentifier>{78304805-c3d3-4cc8-96fc-1b990f62bff2}</UniqueIdentifier>
    </Filter>
    <Filter Include="Resource Files\Scenes">
      <UniqueIdentifier>{ac171179-6f83-4665-96a6-a8b1b2d52e4e}</UniqueIdentifier>
    </Filter>
    <Filter Include="Resource Files\Shaders">
      <UniqueIdentifier>{4bd2e8e7-c81d-4e3e-9fd8-89f212e33c13}</UniqueIdentifier>
    </Filter>
    <Filter Include="Resource Files\Shaders\FX">
      <UniqueIdentifier>{0b2907e4-13ec-4bb1-b6ef-2dd7fb49c046}</UniqueIdentifier>
    </Filter>
    <Filter Include="Resource Files\Shaders\Lit">
      <UniqueIdentifier>{9eb50c81-2f57-4dc5-b6d1-51ad9f2a9e32}</UniqueIdentifier>
    </Filter>
    <Filter Include="Resource Files\Shaders\PostProcess">
      <UniqueIdentifier>{798c81f0-b1bc-4e6f-9008-0c1218891a48}</UniqueIdentifier>
    </Filter>
    <Filter Include="Resource Files\Shaders\Unlit">
      <UniqueIdentifier>{1c47a5bd-7af1-4026-bcc9-379746647fc6}</UniqueIdentifier>
    </Filter>
    <Filter Include="Resource Files\Shaders\Normal">
      <UniqueIdentifier>{30c7096b-129c-4e01-a276-78106c1ed385}</UniqueIdentifier>
    </Filter>
  </ItemGroup>
  <ItemGroup>
    <ClCompile Include="Main.cpp">
      <Filter>Source Files</Filter>
    </ClCompile>
  </ItemGroup>
  <ItemGroup>
    <None Include="..\Build\Assets\Materials\multi.mtrl">
      <Filter>Resource Files\Materials</Filter>
    </None>
    <None Include="..\Build\Assets\Materials\ogre.mtrl">
      <Filter>Resource Files\Materials</Filter>
    </None>
    <None Include="..\Build\Assets\Materials\postprocess.mtrl">
      <Filter>Resource Files\Materials</Filter>
    </None>
    <None Include="..\Build\Assets\Materials\reflection.mtrl">
      <Filter>Resource Files\Materials</Filter>
    </None>
    <None Include="..\Build\Assets\Materials\refraction.mtrl">
      <Filter>Resource Files\Materials</Filter>
    </None>
    <None Include="..\Build\Assets\Materials\rtt.mtrl">
      <Filter>Resource Files\Materials</Filter>
    </None>
    <None Include="..\Build\Assets\Materials\skybox.mtrl">
      <Filter>Resource Files\Materials</Filter>
    </None>
    <None Include="..\Build\Assets\Materials\spot.mtrl">
      <Filter>Resource Files\Materials</Filter>
    </None>
    <None Include="..\Build\Assets\Materials\squirrel.mtrl">
      <Filter>Resource Files\Materials</Filter>
    </None>
    <None Include="..\Build\Assets\Materials\box.mtrl">
      <Filter>Resource Files\Materials</Filter>
    </None>
    <None Include="..\Build\Assets\Materials\emissive.mtrl">
      <Filter>Resource Files\Materials</Filter>
    </None>
    <None Include="..\Build\Assets\Materials\grass.mtrl">
      <Filter>Resource Files\Materials</Filter>
    </None>
    <None Include="..\Build\Assets\Materials\ground.mtrl">
      <Filter>Resource Files\Materials</Filter>
    </None>
    <None Include="..\Build\Assets\Scenes\assignment.scn">
      <Filter>Resource Files\Scenes</Filter>
    </None>
    <None Include="..\Build\Assets\Scenes\basic.scn">
      <Filter>Resource Files\Scenes</Filter>
    </None>
    <None Include="..\Build\Assets\Scenes\basic_Lit.scn">
      <Filter>Resource Files\Scenes</Filter>
    </None>
    <None Include="..\Build\Assets\Scenes\Cubemap.scn">
      <Filter>Resource Files\Scenes</Filter>
    </None>
    <None Include="..\Build\Assets\Scenes\emissive.scn">
      <Filter>Resource Files\Scenes</Filter>
    </None>
    <None Include="..\Build\Assets\Scenes\rtt.scn">
      <Filter>Resource Files\Scenes</Filter>
    </None>
    <None Include="..\Build\Assets\Scenes\texture.scn">
      <Filter>Resource Files\Scenes</Filter>
    </None>
    <None Include="..\Build\Assets\Shaders\basic_Lit.vert">
      <Filter>Resource Files\Shaders\Normal</Filter>
    </None>
    <None Include="..\Build\Assets\Shaders\basic_phong.frag">
      <Filter>Resource Files\Shaders\Normal</Filter>
    </None>
    <None Include="..\Build\Assets\Shaders\basic_phong.prog">
      <Filter>Resource Files\Shaders\Normal</Filter>
    </None>
    <None Include="..\Build\Assets\Shaders\basic_phong.vert">
      <Filter>Resource Files\Shaders\Normal</Filter>
    </None>
    <None Include="..\Build\Assets\Shaders\emissive_phong.frag">
      <Filter>Resource Files\Shaders\Normal</Filter>
    </None>
    <None Include="..\Build\Assets\Shaders\emissive_phong.prog">
      <Filter>Resource Files\Shaders\Normal</Filter>
    </None>
    <None Include="..\Build\Assets\Shaders\emissive_phong.vert">
      <Filter>Resource Files\Shaders\Normal</Filter>
    </None>
    <None Include="..\Build\Assets\Shaders\texture_phong.vert">
      <Filter>Resource Files\Shaders\Normal</Filter>
    </None>
    <None Include="..\Build\Assets\Shaders\basic.frag">
      <Filter>Resource Files\Shaders\Normal</Filter>
    </None>
    <None Include="..\Build\Assets\Shaders\basic.prog">
      <Filter>Resource Files\Shaders\Normal</Filter>
    </None>
    <None Include="..\Build\Assets\Shaders\basic.vert">
      <Filter>Resource Files\Shaders\Normal</Filter>
    </None>
    <None Include="..\Build\Assets\Shaders\basic_Lit.frag">
      <Filter>Resource Files\Shaders\Normal</Filter>
    </None>
    <None Include="..\Build\Assets\Shaders\basic_Lit.prog">
      <Filter>Resource Files\Shaders\Normal</Filter>
    </None>
    <None Include="..\Build\Assets\Shaders\FX\skybox.frag">
      <Filter>Resource Files\Shaders\FX</Filter>
    </None>
    <None Include="..\Build\Assets\Shaders\FX\skybox.prog">
      <Filter>Resource Files\Shaders\FX</Filter>
    </None>
    <None Include="..\Build\Assets\Shaders\FX\skybox.vert">
      <Filter>Resource Files\Shaders\FX</Filter>
    </None>
    <None Include="..\Build\Assets\Shaders\FX\toon.frag">
      <Filter>Resource Files\Shaders\FX</Filter>
    </None>
    <None Include="..\Build\Assets\Shaders\FX\toon.prog">
      <Filter>Resource Files\Shaders\FX</Filter>
    </None>
    <None Include="..\Build\Assets\Shaders\FX\toon.vert">
      <Filter>Resource Files\Shaders\FX</Filter>
    </None>
    <None Include="..\Build\Assets\Shaders\FX\reflection.frag">
      <Filter>Resource Files\Shaders\FX</Filter>
    </None>
    <None Include="..\Build\Assets\Shaders\FX\reflection.prog">
      <Filter>Resource Files\Shaders\FX</Filter>
    </None>
    <None Include="..\Build\Assets\Shaders\FX\reflection.vert">
      <Filter>Resource Files\Shaders\FX</Filter>
    </None>
    <None Include="..\Build\Assets\Shaders\FX\refraction.frag">
      <Filter>Resource Files\Shaders\FX</Filter>
    </None>
    <None Include="..\Build\Assets\Shaders\FX\refraction.prog">
      <Filter>Resource Files\Shaders\FX</Filter>
    </None>
    <None Include="..\Build\Assets\Shaders\FX\refraction.vert">
      <Filter>Resource Files\Shaders\FX</Filter>
    </None>
    <None Include="..\Build\Assets\Shaders\Lit\texture_normal.frag">
      <Filter>Resource Files\Shaders\Lit</Filter>
    </None>
    <None Include="..\Build\Assets\Shaders\Lit\texture_normal.prog">
      <Filter>Resource Files\Shaders\Lit</Filter>
    </None>
    <None Include="..\Build\Assets\Shaders\Lit\texture_normal.vert">
      <Filter>Resource Files\Shaders\Lit</Filter>
    </None>
    <None Include="..\Build\Assets\Shaders\Lit\texture.frag">
      <Filter>Resource Files\Shaders\Lit</Filter>
    </None>
    <None Include="..\Build\Assets\Shaders\Lit\texture.prog">
      <Filter>Resource Files\Shaders\Lit</Filter>
    </None>
    <None Include="..\Build\Assets\Shaders\Lit\texture.vert">
      <Filter>Resource Files\Shaders\Lit</Filter>
    </None>
    <None Include="..\Build\Assets\Shaders\PostProcess\postprocess.prog">
      <Filter>Resource Files\Shaders\PostProcess</Filter>
    </None>
    <None Include="..\Build\Assets\Shaders\PostProcess\postprocess.vert">
      <Filter>Resource Files\Shaders\PostProcess</Filter>
    </None>
    <None Include="..\Build\Assets\Shaders\PostProcess\postprocess.frag">
      <Filter>Resource Files\Shaders\PostProcess</Filter>
    </None>
    <None Include="..\Build\Assets\Shaders\Unlit\texture.frag">
      <Filter>Resource Files\Shaders\Unlit</Filter>
    </None>
    <None Include="..\Build\Assets\Shaders\Unlit\texture.prog">
      <Filter>Resource Files\Shaders\Unlit</Filter>
    </None>
    <None Include="..\Build\Assets\Shaders\Unlit\texture.vert">
      <Filter>Resource Files\Shaders\Unlit</Filter>
    </None>
    <None Include="..\Build\Assets\Shaders\Unlit\color.frag">
      <Filter>Resource Files\Shaders\Unlit</Filter>
    </None>
    <None Include="..\Build\Assets\Shaders\Unlit\color.prog">
      <Filter>Resource Files\Shaders\Unlit</Filter>
    </None>
    <None Include="..\Build\Assets\Shaders\Unlit\color.vert">
      <Filter>Resource Files\Shaders\Unlit</Filter>
    </None>
    <None Include="..\Build\Assets\Scenes\final.scn">
      <Filter>Resource Files\Scenes</Filter>
    </None>
    <None Include="..\Build\Assets\Materials\garo-cloak.mtrl">
      <Filter>Resource Files\Materials</Filter>
    </None>
    <None Include="..\Build\Assets\Materials\link.mtrl">
      <Filter>Resource Files\Materials</Filter>
    </None>
    <None Include="..\Build\Assets\Materials\shield.mtrl">
      <Filter>Resource Files\Materials</Filter>
    </None>
    <None Include="..\Build\Assets\Materials\torch.mtrl">
      <Filter>Resource Files\Materials</Filter>
    </None>
  </ItemGroup>
</Project>